// !$*UTF8*$!
{
	archiveVersion = 1;
	classes = {
	};
	objectVersion = 46;
	objects = {

/* Begin PBXBuildFile section */
		C039498E1661AE3500DACDDB /* RZDetailViewController.m in Sources */ = {isa = PBXBuildFile; fileRef = C03949861661AE3500DACDDB /* RZDetailViewController.m */; };
		C039498F1661AE3500DACDDB /* RZBaseViewController.m in Sources */ = {isa = PBXBuildFile; fileRef = C03949881661AE3500DACDDB /* RZBaseViewController.m */; };
		C03949901661AE3500DACDDB /* RZOthersViewController.m in Sources */ = {isa = PBXBuildFile; fileRef = C039498A1661AE3500DACDDB /* RZOthersViewController.m */; };
		C03949911661AE3500DACDDB /* RZOthersViewController.xib in Resources */ = {isa = PBXBuildFile; fileRef = C039498B1661AE3500DACDDB /* RZOthersViewController.xib */; };
		C03949921661AE3500DACDDB /* UIGlossyButton.m in Sources */ = {isa = PBXBuildFile; fileRef = C039498C1661AE3500DACDDB /* UIGlossyButton.m */; };
		C03949A51661B24100DACDDB /* README.md in Resources */ = {isa = PBXBuildFile; fileRef = C039499E1661B24100DACDDB /* README.md */; };
		C03949A61661B24100DACDDB /* RIButtonItem.m in Sources */ = {isa = PBXBuildFile; fileRef = C03949A01661B24100DACDDB /* RIButtonItem.m */; };
		C03949A71661B24100DACDDB /* UIActionSheet+Blocks.m in Sources */ = {isa = PBXBuildFile; fileRef = C03949A21661B24100DACDDB /* UIActionSheet+Blocks.m */; };
		C03949A81661B24100DACDDB /* UIAlertView+Blocks.m in Sources */ = {isa = PBXBuildFile; fileRef = C03949A41661B24100DACDDB /* UIAlertView+Blocks.m */; };
		D306E87F162D0B4400F394AF /* locateButton.png in Resources */ = {isa = PBXBuildFile; fileRef = D306E87B162D0B4400F394AF /* locateButton.png */; };
		D306E880162D0B4400F394AF /* locateButton@2x.png in Resources */ = {isa = PBXBuildFile; fileRef = D306E87C162D0B4400F394AF /* locateButton@2x.png */; };
		D306E881162D0B4400F394AF /* location.png in Resources */ = {isa = PBXBuildFile; fileRef = D306E87D162D0B4400F394AF /* location.png */; };
		D306E882162D0B4400F394AF /* location@2x.png in Resources */ = {isa = PBXBuildFile; fileRef = D306E87E162D0B4400F394AF /* location@2x.png */; };
		D32952DB162B67690074D9EC /* co2.png in Resources */ = {isa = PBXBuildFile; fileRef = D32952D9162B67690074D9EC /* co2.png */; };
		D32952DC162B67690074D9EC /* co2saved.png in Resources */ = {isa = PBXBuildFile; fileRef = D32952DA162B67690074D9EC /* co2saved.png */; };
		D32952E0162B67810074D9EC /* end@2x.png in Resources */ = {isa = PBXBuildFile; fileRef = D32952DE162B67810074D9EC /* end@2x.png */; };
		D32952E1162B67810074D9EC /* gas.png in Resources */ = {isa = PBXBuildFile; fileRef = D32952DF162B67810074D9EC /* gas.png */; };
		D32952E4162B67BB0074D9EC /* menu@2x.png in Resources */ = {isa = PBXBuildFile; fileRef = D32952E2162B67BB0074D9EC /* menu@2x.png */; };
		D32952E5162B67BB0074D9EC /* menubtn.png in Resources */ = {isa = PBXBuildFile; fileRef = D32952E3162B67BB0074D9EC /* menubtn.png */; };
		D32952E7162B67CA0074D9EC /* nav@2x.png in Resources */ = {isa = PBXBuildFile; fileRef = D32952E6162B67CA0074D9EC /* nav@2x.png */; };
		D32952E9162B67E30074D9EC /* start@2x.png in Resources */ = {isa = PBXBuildFile; fileRef = D32952E8162B67E30074D9EC /* start@2x.png */; };
		D32952EB162B69F60074D9EC /* routeicon@2x.png in Resources */ = {isa = PBXBuildFile; fileRef = D32952EA162B69F60074D9EC /* routeicon@2x.png */; };
		D32952ED162B6A3B0074D9EC /* routeicon.png in Resources */ = {isa = PBXBuildFile; fileRef = D32952EC162B6A3B0074D9EC /* routeicon.png */; };
		D3295352162BB0CB0074D9EC /* FBConnect.bundle in Resources */ = {isa = PBXBuildFile; fileRef = D3295351162BB0CB0074D9EC /* FBConnect.bundle */; };
		D3655D52161E3ED300862024 /* lines@2x.png in Resources */ = {isa = PBXBuildFile; fileRef = D3655D51161E3ED300862024 /* lines@2x.png */; };
		D390B74616227D5400FD4540 /* RZUser.m in Sources */ = {isa = PBXBuildFile; fileRef = D390B74516227D5300FD4540 /* RZUser.m */; };
		D390B75716227F2500FD4540 /* Utils.m in Sources */ = {isa = PBXBuildFile; fileRef = D390B75416227F2500FD4540 /* Utils.m */; };
		D390B75816227F2500FD4540 /* Constants.m in Sources */ = {isa = PBXBuildFile; fileRef = D390B75616227F2500FD4540 /* Constants.m */; };
		D390B7661622937100FD4540 /* NSDictionary+JSONCategories.m in Sources */ = {isa = PBXBuildFile; fileRef = D390B7651622937100FD4540 /* NSDictionary+JSONCategories.m */; };
		D390B7A61622980100FD4540 /* CoreData.framework in Frameworks */ = {isa = PBXBuildFile; fileRef = D390B7A51622980100FD4540 /* CoreData.framework */; };
		D3AA1F26160E574E00B51488 /* UIKit.framework in Frameworks */ = {isa = PBXBuildFile; fileRef = D3AA1F25160E574E00B51488 /* UIKit.framework */; };
		D3AA1F28160E574E00B51488 /* Foundation.framework in Frameworks */ = {isa = PBXBuildFile; fileRef = D3AA1F27160E574E00B51488 /* Foundation.framework */; };
		D3AA1F2A160E574E00B51488 /* CoreGraphics.framework in Frameworks */ = {isa = PBXBuildFile; fileRef = D3AA1F29160E574E00B51488 /* CoreGraphics.framework */; };
		D3AA1F30160E574E00B51488 /* InfoPlist.strings in Resources */ = {isa = PBXBuildFile; fileRef = D3AA1F2E160E574E00B51488 /* InfoPlist.strings */; };
		D3AA1F32160E574E00B51488 /* main.m in Sources */ = {isa = PBXBuildFile; fileRef = D3AA1F31160E574E00B51488 /* main.m */; };
		D3AA1F36160E574E00B51488 /* RZAppDelegate.m in Sources */ = {isa = PBXBuildFile; fileRef = D3AA1F35160E574E00B51488 /* RZAppDelegate.m */; };
		D3AA1F48160E574E00B51488 /* RZDetailViewController.xib in Resources */ = {isa = PBXBuildFile; fileRef = D3AA1F46160E574E00B51488 /* RZDetailViewController.xib */; };
		D3AA1F50160E574E00B51488 /* SenTestingKit.framework in Frameworks */ = {isa = PBXBuildFile; fileRef = D3AA1F4F160E574E00B51488 /* SenTestingKit.framework */; };
		D3AA1F51160E574E00B51488 /* UIKit.framework in Frameworks */ = {isa = PBXBuildFile; fileRef = D3AA1F25160E574E00B51488 /* UIKit.framework */; };
		D3AA1F52160E574E00B51488 /* Foundation.framework in Frameworks */ = {isa = PBXBuildFile; fileRef = D3AA1F27160E574E00B51488 /* Foundation.framework */; };
		D3AA1F5A160E574F00B51488 /* InfoPlist.strings in Resources */ = {isa = PBXBuildFile; fileRef = D3AA1F58160E574F00B51488 /* InfoPlist.strings */; };
		D3AA1F5D160E574F00B51488 /* RizeduTests.m in Sources */ = {isa = PBXBuildFile; fileRef = D3AA1F5C160E574F00B51488 /* RizeduTests.m */; };
		D3AA1F70160E578900B51488 /* GHRevealViewController.m in Sources */ = {isa = PBXBuildFile; fileRef = D3AA1F6C160E578900B51488 /* GHRevealViewController.m */; };
		D3AA1F71160E578900B51488 /* GHSidebarSearchViewController.m in Sources */ = {isa = PBXBuildFile; fileRef = D3AA1F6E160E578900B51488 /* GHSidebarSearchViewController.m */; };
		D3AA1F77160E57B600B51488 /* GHMenuCell.m in Sources */ = {isa = PBXBuildFile; fileRef = D3AA1F74160E57B600B51488 /* GHMenuCell.m */; };
		D3AA1F78160E57B600B51488 /* GHMenuViewController.m in Sources */ = {isa = PBXBuildFile; fileRef = D3AA1F76160E57B600B51488 /* GHMenuViewController.m */; };
		D3AA1F7A160E597F00B51488 /* QuartzCore.framework in Frameworks */ = {isa = PBXBuildFile; fileRef = D3AA1F79160E597F00B51488 /* QuartzCore.framework */; };
		D3AEA6BB162E71A5002800B9 /* RZGlobalService.m in Sources */ = {isa = PBXBuildFile; fileRef = D3AEA6BA162E71A5002800B9 /* RZGlobalService.m */; };
		D3AEA6C5162F1246002800B9 /* TestUsers.plist in Resources */ = {isa = PBXBuildFile; fileRef = D3AEA6C4162F1246002800B9 /* TestUsers.plist */; };
		D3BCCA08161D31B200987648 /* AudioToolbox.framework in Frameworks */ = {isa = PBXBuildFile; fileRef = D3BCCA07161D31B200987648 /* AudioToolbox.framework */; };
		D3BCCA0B161D31B900987648 /* Accounts.framework in Frameworks */ = {isa = PBXBuildFile; fileRef = D3BCCA0A161D31B900987648 /* Accounts.framework */; settings = {ATTRIBUTES = (Weak, ); }; };
		D3BCCA0D161D31C100987648 /* AdSupport.framework in Frameworks */ = {isa = PBXBuildFile; fileRef = D3BCCA0C161D31C100987648 /* AdSupport.framework */; settings = {ATTRIBUTES = (Weak, ); }; };
		D3BCCA0F161D31D300987648 /* libsqlite3.dylib in Frameworks */ = {isa = PBXBuildFile; fileRef = D3BCCA0E161D31D300987648 /* libsqlite3.dylib */; };
		D3BCCA11161D31DC00987648 /* libz.1.1.3.dylib in Frameworks */ = {isa = PBXBuildFile; fileRef = D3BCCA10161D31DC00987648 /* libz.1.1.3.dylib */; };
		D3BCCA13161D31EA00987648 /* MobileCoreServices.framework in Frameworks */ = {isa = PBXBuildFile; fileRef = D3BCCA12161D31EA00987648 /* MobileCoreServices.framework */; };
		D3BCCA15161D31F900987648 /* Social.framework in Frameworks */ = {isa = PBXBuildFile; fileRef = D3BCCA14161D31F900987648 /* Social.framework */; settings = {ATTRIBUTES = (Weak, ); }; };
		D3BCCA17161D320F00987648 /* StoreKit.framework in Frameworks */ = {isa = PBXBuildFile; fileRef = D3BCCA16161D320F00987648 /* StoreKit.framework */; settings = {ATTRIBUTES = (Weak, ); }; };
		D3BCCA76161E9C7D00987648 /* icon@2x.png in Resources */ = {isa = PBXBuildFile; fileRef = D3BCCA75161E9C7D00987648 /* icon@2x.png */; };
		D3BCCA7E1620866500987648 /* RZUserProfileViewController.m in Sources */ = {isa = PBXBuildFile; fileRef = D3BCCA7C1620866500987648 /* RZUserProfileViewController.m */; };
		D3BCCA7F1620866500987648 /* RZUserProfileViewController.xib in Resources */ = {isa = PBXBuildFile; fileRef = D3BCCA7D1620866500987648 /* RZUserProfileViewController.xib */; };
		D3BCCA831621E2FC00987648 /* LoginViewController.m in Sources */ = {isa = PBXBuildFile; fileRef = D3BCCA811621E2FA00987648 /* LoginViewController.m */; };
		D3BCCA841621E2FC00987648 /* LoginViewController.xib in Resources */ = {isa = PBXBuildFile; fileRef = D3BCCA821621E2FB00987648 /* LoginViewController.xib */; };
		D3E3E67E16115E4B00E3DC78 /* RZEnrollCompleteViewController.m in Sources */ = {isa = PBXBuildFile; fileRef = D3E3E67C16115E4B00E3DC78 /* RZEnrollCompleteViewController.m */; };
		D3E3E67F16115E4B00E3DC78 /* RZEnrollCompleteViewController.xib in Resources */ = {isa = PBXBuildFile; fileRef = D3E3E67D16115E4B00E3DC78 /* RZEnrollCompleteViewController.xib */; };
		D3EA200A161CDD610056259F /* Parse.framework in Frameworks */ = {isa = PBXBuildFile; fileRef = D3EA2009161CDD610056259F /* Parse.framework */; };
		D3F1F1C2160E63610016F6BD /* searchBarBG.png in Resources */ = {isa = PBXBuildFile; fileRef = D3F1F1BD160E63610016F6BD /* searchBarBG.png */; };
		D3F1F1C3160E63610016F6BD /* searchBarIcon.png in Resources */ = {isa = PBXBuildFile; fileRef = D3F1F1BE160E63610016F6BD /* searchBarIcon.png */; };
		D3F1F1C4160E63610016F6BD /* searchBarIcon@2x.png in Resources */ = {isa = PBXBuildFile; fileRef = D3F1F1BF160E63610016F6BD /* searchBarIcon@2x.png */; };
		D3F1F1C5160E63610016F6BD /* searchTextBG.png in Resources */ = {isa = PBXBuildFile; fileRef = D3F1F1C0160E63610016F6BD /* searchTextBG.png */; };
		D3F1F1C6160E63610016F6BD /* user.png in Resources */ = {isa = PBXBuildFile; fileRef = D3F1F1C1160E63610016F6BD /* user.png */; };
		D3F1F1FF160E6B550016F6BD /* NSAlert+MKNetworkKitAdditions.m in Sources */ = {isa = PBXBuildFile; fileRef = D3F1F1EC160E6B550016F6BD /* NSAlert+MKNetworkKitAdditions.m */; };
		D3F1F200160E6B550016F6BD /* NSData+Base64.m in Sources */ = {isa = PBXBuildFile; fileRef = D3F1F1EE160E6B550016F6BD /* NSData+Base64.m */; };
		D3F1F201160E6B550016F6BD /* NSDate+RFC1123.m in Sources */ = {isa = PBXBuildFile; fileRef = D3F1F1F0160E6B550016F6BD /* NSDate+RFC1123.m */; };
		D3F1F202160E6B550016F6BD /* NSDictionary+RequestEncoding.m in Sources */ = {isa = PBXBuildFile; fileRef = D3F1F1F2160E6B550016F6BD /* NSDictionary+RequestEncoding.m */; };
		D3F1F203160E6B550016F6BD /* NSString+MKNetworkKitAdditions.m in Sources */ = {isa = PBXBuildFile; fileRef = D3F1F1F4160E6B550016F6BD /* NSString+MKNetworkKitAdditions.m */; };
		D3F1F204160E6B550016F6BD /* UIAlertView+MKNetworkKitAdditions.m in Sources */ = {isa = PBXBuildFile; fileRef = D3F1F1F6160E6B550016F6BD /* UIAlertView+MKNetworkKitAdditions.m */; };
		D3F1F205160E6B550016F6BD /* MKNetworkEngine.m in Sources */ = {isa = PBXBuildFile; fileRef = D3F1F1F8160E6B550016F6BD /* MKNetworkEngine.m */; };
		D3F1F206160E6B550016F6BD /* MKNetworkOperation.m in Sources */ = {isa = PBXBuildFile; fileRef = D3F1F1FB160E6B550016F6BD /* MKNetworkOperation.m */; };
		D3F1F207160E6B550016F6BD /* Reachability.m in Sources */ = {isa = PBXBuildFile; fileRef = D3F1F1FE160E6B550016F6BD /* Reachability.m */; };
		D3F1F209160E6B710016F6BD /* CFNetwork.framework in Frameworks */ = {isa = PBXBuildFile; fileRef = D3F1F208160E6B700016F6BD /* CFNetwork.framework */; };
		D3F1F20B160E6B770016F6BD /* SystemConfiguration.framework in Frameworks */ = {isa = PBXBuildFile; fileRef = D3F1F20A160E6B770016F6BD /* SystemConfiguration.framework */; };
		D3F1F20D160E6B7F0016F6BD /* Security.framework in Frameworks */ = {isa = PBXBuildFile; fileRef = D3F1F20C160E6B7F0016F6BD /* Security.framework */; };
		D3F1F20F160E6CA50016F6BD /* CoreLocation.framework in Frameworks */ = {isa = PBXBuildFile; fileRef = D3F1F20E160E6CA50016F6BD /* CoreLocation.framework */; };
		D3F1F213160E6D0C0016F6BD /* RZLocationPickViewController.m in Sources */ = {isa = PBXBuildFile; fileRef = D3F1F211160E6D0C0016F6BD /* RZLocationPickViewController.m */; };
		D3F1F214160E6D0C0016F6BD /* RZLocationPickViewController.xib in Resources */ = {isa = PBXBuildFile; fileRef = D3F1F212160E6D0C0016F6BD /* RZLocationPickViewController.xib */; };
		D3F1F21B160E72E40016F6BD /* MapKit.framework in Frameworks */ = {isa = PBXBuildFile; fileRef = D3F1F21A160E72E40016F6BD /* MapKit.framework */; };
		D3F1F259160ED0D00016F6BD /* FacebookSDK.framework in Frameworks */ = {isa = PBXBuildFile; fileRef = D3F1F258160ED0D00016F6BD /* FacebookSDK.framework */; };
		D3F1F25B160ED10A0016F6BD /* FacebookSDKResources.bundle in Resources */ = {isa = PBXBuildFile; fileRef = D3F1F25A160ED10A0016F6BD /* FacebookSDKResources.bundle */; };
/* End PBXBuildFile section */

/* Begin PBXContainerItemProxy section */
		D3AA1F53160E574E00B51488 /* PBXContainerItemProxy */ = {
			isa = PBXContainerItemProxy;
			containerPortal = D3AA1F18160E574E00B51488 /* Project object */;
			proxyType = 1;
			remoteGlobalIDString = D3AA1F20160E574E00B51488;
			remoteInfo = Rizedu;
		};
/* End PBXContainerItemProxy section */

/* Begin PBXFileReference section */
		C03949851661AE3500DACDDB /* RZDetailViewController.h */ = {isa = PBXFileReference; fileEncoding = 4; lastKnownFileType = sourcecode.c.h; path = RZDetailViewController.h; sourceTree = "<group>"; };
		C03949861661AE3500DACDDB /* RZDetailViewController.m */ = {isa = PBXFileReference; fileEncoding = 4; lastKnownFileType = sourcecode.c.objc; path = RZDetailViewController.m; sourceTree = "<group>"; };
		C03949871661AE3500DACDDB /* RZBaseViewController.h */ = {isa = PBXFileReference; fileEncoding = 4; lastKnownFileType = sourcecode.c.h; path = RZBaseViewController.h; sourceTree = "<group>"; };
		C03949881661AE3500DACDDB /* RZBaseViewController.m */ = {isa = PBXFileReference; fileEncoding = 4; lastKnownFileType = sourcecode.c.objc; path = RZBaseViewController.m; sourceTree = "<group>"; };
		C03949891661AE3500DACDDB /* RZOthersViewController.h */ = {isa = PBXFileReference; fileEncoding = 4; lastKnownFileType = sourcecode.c.h; path = RZOthersViewController.h; sourceTree = "<group>"; };
		C039498A1661AE3500DACDDB /* RZOthersViewController.m */ = {isa = PBXFileReference; fileEncoding = 4; lastKnownFileType = sourcecode.c.objc; path = RZOthersViewController.m; sourceTree = "<group>"; };
		C039498B1661AE3500DACDDB /* RZOthersViewController.xib */ = {isa = PBXFileReference; fileEncoding = 4; lastKnownFileType = file.xib; path = RZOthersViewController.xib; sourceTree = "<group>"; };
		C039498C1661AE3500DACDDB /* UIGlossyButton.m */ = {isa = PBXFileReference; fileEncoding = 4; lastKnownFileType = sourcecode.c.objc; path = UIGlossyButton.m; sourceTree = "<group>"; };
		C039498D1661AE3500DACDDB /* UIGlossyButton.h */ = {isa = PBXFileReference; fileEncoding = 4; lastKnownFileType = sourcecode.c.h; path = UIGlossyButton.h; sourceTree = "<group>"; };
		C039499E1661B24100DACDDB /* README.md */ = {isa = PBXFileReference; fileEncoding = 4; lastKnownFileType = text; path = README.md; sourceTree = "<group>"; };
		C039499F1661B24100DACDDB /* RIButtonItem.h */ = {isa = PBXFileReference; fileEncoding = 4; lastKnownFileType = sourcecode.c.h; path = RIButtonItem.h; sourceTree = "<group>"; };
		C03949A01661B24100DACDDB /* RIButtonItem.m */ = {isa = PBXFileReference; fileEncoding = 4; lastKnownFileType = sourcecode.c.objc; path = RIButtonItem.m; sourceTree = "<group>"; };
		C03949A11661B24100DACDDB /* UIActionSheet+Blocks.h */ = {isa = PBXFileReference; fileEncoding = 4; lastKnownFileType = sourcecode.c.h; path = "UIActionSheet+Blocks.h"; sourceTree = "<group>"; };
		C03949A21661B24100DACDDB /* UIActionSheet+Blocks.m */ = {isa = PBXFileReference; fileEncoding = 4; lastKnownFileType = sourcecode.c.objc; path = "UIActionSheet+Blocks.m"; sourceTree = "<group>"; };
		C03949A31661B24100DACDDB /* UIAlertView+Blocks.h */ = {isa = PBXFileReference; fileEncoding = 4; lastKnownFileType = sourcecode.c.h; path = "UIAlertView+Blocks.h"; sourceTree = "<group>"; };
		C03949A41661B24100DACDDB /* UIAlertView+Blocks.m */ = {isa = PBXFileReference; fileEncoding = 4; lastKnownFileType = sourcecode.c.objc; path = "UIAlertView+Blocks.m"; sourceTree = "<group>"; };
		D306E87B162D0B4400F394AF /* locateButton.png */ = {isa = PBXFileReference; lastKnownFileType = image.png; path = locateButton.png; sourceTree = "<group>"; };
		D306E87C162D0B4400F394AF /* locateButton@2x.png */ = {isa = PBXFileReference; lastKnownFileType = image.png; path = "locateButton@2x.png"; sourceTree = "<group>"; };
		D306E87D162D0B4400F394AF /* location.png */ = {isa = PBXFileReference; lastKnownFileType = image.png; path = location.png; sourceTree = "<group>"; };
		D306E87E162D0B4400F394AF /* location@2x.png */ = {isa = PBXFileReference; lastKnownFileType = image.png; path = "location@2x.png"; sourceTree = "<group>"; };
		D32952D9162B67690074D9EC /* co2.png */ = {isa = PBXFileReference; lastKnownFileType = image.png; path = co2.png; sourceTree = "<group>"; };
		D32952DA162B67690074D9EC /* co2saved.png */ = {isa = PBXFileReference; lastKnownFileType = image.png; path = co2saved.png; sourceTree = "<group>"; };
		D32952DE162B67810074D9EC /* end@2x.png */ = {isa = PBXFileReference; lastKnownFileType = image.png; path = "end@2x.png"; sourceTree = "<group>"; };
		D32952DF162B67810074D9EC /* gas.png */ = {isa = PBXFileReference; lastKnownFileType = image.png; path = gas.png; sourceTree = "<group>"; };
		D32952E2162B67BB0074D9EC /* menu@2x.png */ = {isa = PBXFileReference; lastKnownFileType = image.png; path = "menu@2x.png"; sourceTree = "<group>"; };
		D32952E3162B67BB0074D9EC /* menubtn.png */ = {isa = PBXFileReference; lastKnownFileType = image.png; path = menubtn.png; sourceTree = "<group>"; };
		D32952E6162B67CA0074D9EC /* nav@2x.png */ = {isa = PBXFileReference; lastKnownFileType = image.png; path = "nav@2x.png"; sourceTree = "<group>"; };
		D32952E8162B67E30074D9EC /* start@2x.png */ = {isa = PBXFileReference; lastKnownFileType = image.png; path = "start@2x.png"; sourceTree = "<group>"; };
		D32952EA162B69F60074D9EC /* routeicon@2x.png */ = {isa = PBXFileReference; lastKnownFileType = image.png; path = "routeicon@2x.png"; sourceTree = "<group>"; };
		D32952EC162B6A3B0074D9EC /* routeicon.png */ = {isa = PBXFileReference; lastKnownFileType = image.png; path = routeicon.png; sourceTree = "<group>"; };
		D3295351162BB0CB0074D9EC /* FBConnect.bundle */ = {isa = PBXFileReference; lastKnownFileType = "wrapper.plug-in"; path = FBConnect.bundle; sourceTree = "<group>"; };
		D3655D51161E3ED300862024 /* lines@2x.png */ = {isa = PBXFileReference; lastKnownFileType = image.png; path = "lines@2x.png"; sourceTree = "<group>"; };
		D390B74416227D5300FD4540 /* RZUser.h */ = {isa = PBXFileReference; fileEncoding = 4; lastKnownFileType = sourcecode.c.h; path = RZUser.h; sourceTree = "<group>"; };
		D390B74516227D5300FD4540 /* RZUser.m */ = {isa = PBXFileReference; fileEncoding = 4; lastKnownFileType = sourcecode.c.objc; path = RZUser.m; sourceTree = "<group>"; };
		D390B75316227F2500FD4540 /* Utils.h */ = {isa = PBXFileReference; fileEncoding = 4; lastKnownFileType = sourcecode.c.h; path = Utils.h; sourceTree = "<group>"; };
		D390B75416227F2500FD4540 /* Utils.m */ = {isa = PBXFileReference; fileEncoding = 4; lastKnownFileType = sourcecode.c.objc; path = Utils.m; sourceTree = "<group>"; };
		D390B75516227F2500FD4540 /* Constants.h */ = {isa = PBXFileReference; fileEncoding = 4; lastKnownFileType = sourcecode.c.h; path = Constants.h; sourceTree = "<group>"; };
		D390B75616227F2500FD4540 /* Constants.m */ = {isa = PBXFileReference; fileEncoding = 4; lastKnownFileType = sourcecode.c.objc; path = Constants.m; sourceTree = "<group>"; };
		D390B7641622937100FD4540 /* NSDictionary+JSONCategories.h */ = {isa = PBXFileReference; fileEncoding = 4; lastKnownFileType = sourcecode.c.h; path = "NSDictionary+JSONCategories.h"; sourceTree = "<group>"; };
		D390B7651622937100FD4540 /* NSDictionary+JSONCategories.m */ = {isa = PBXFileReference; fileEncoding = 4; lastKnownFileType = sourcecode.c.objc; path = "NSDictionary+JSONCategories.m"; sourceTree = "<group>"; };
		D390B7A51622980100FD4540 /* CoreData.framework */ = {isa = PBXFileReference; lastKnownFileType = wrapper.framework; name = CoreData.framework; path = System/Library/Frameworks/CoreData.framework; sourceTree = SDKROOT; };
		D3AA1F21160E574E00B51488 /* Rizedu.app */ = {isa = PBXFileReference; explicitFileType = wrapper.application; includeInIndex = 0; path = Rizedu.app; sourceTree = BUILT_PRODUCTS_DIR; };
		D3AA1F25160E574E00B51488 /* UIKit.framework */ = {isa = PBXFileReference; lastKnownFileType = wrapper.framework; name = UIKit.framework; path = System/Library/Frameworks/UIKit.framework; sourceTree = SDKROOT; };
		D3AA1F27160E574E00B51488 /* Foundation.framework */ = {isa = PBXFileReference; lastKnownFileType = wrapper.framework; name = Foundation.framework; path = System/Library/Frameworks/Foundation.framework; sourceTree = SDKROOT; };
		D3AA1F29160E574E00B51488 /* CoreGraphics.framework */ = {isa = PBXFileReference; lastKnownFileType = wrapper.framework; name = CoreGraphics.framework; path = System/Library/Frameworks/CoreGraphics.framework; sourceTree = SDKROOT; };
		D3AA1F2D160E574E00B51488 /* Rizedu-Info.plist */ = {isa = PBXFileReference; lastKnownFileType = text.plist.xml; path = "Rizedu-Info.plist"; sourceTree = "<group>"; };
		D3AA1F2F160E574E00B51488 /* en */ = {isa = PBXFileReference; lastKnownFileType = text.plist.strings; name = en; path = en.lproj/InfoPlist.strings; sourceTree = "<group>"; };
		D3AA1F31160E574E00B51488 /* main.m */ = {isa = PBXFileReference; lastKnownFileType = sourcecode.c.objc; path = main.m; sourceTree = "<group>"; };
		D3AA1F33160E574E00B51488 /* Rizedu-Prefix.pch */ = {isa = PBXFileReference; lastKnownFileType = sourcecode.c.h; path = "Rizedu-Prefix.pch"; sourceTree = "<group>"; };
		D3AA1F34160E574E00B51488 /* RZAppDelegate.h */ = {isa = PBXFileReference; lastKnownFileType = sourcecode.c.h; path = RZAppDelegate.h; sourceTree = "<group>"; };
		D3AA1F35160E574E00B51488 /* RZAppDelegate.m */ = {isa = PBXFileReference; lastKnownFileType = sourcecode.c.objc; path = RZAppDelegate.m; sourceTree = "<group>"; };
		D3AA1F47160E574E00B51488 /* en */ = {isa = PBXFileReference; lastKnownFileType = file.xib; name = en; path = en.lproj/RZDetailViewController.xib; sourceTree = "<group>"; };
		D3AA1F4E160E574E00B51488 /* RizeduTests.octest */ = {isa = PBXFileReference; explicitFileType = wrapper.cfbundle; includeInIndex = 0; path = RizeduTests.octest; sourceTree = BUILT_PRODUCTS_DIR; };
		D3AA1F4F160E574E00B51488 /* SenTestingKit.framework */ = {isa = PBXFileReference; lastKnownFileType = wrapper.framework; name = SenTestingKit.framework; path = Library/Frameworks/SenTestingKit.framework; sourceTree = DEVELOPER_DIR; };
		D3AA1F57160E574F00B51488 /* RizeduTests-Info.plist */ = {isa = PBXFileReference; lastKnownFileType = text.plist.xml; path = "RizeduTests-Info.plist"; sourceTree = "<group>"; };
		D3AA1F59160E574F00B51488 /* en */ = {isa = PBXFileReference; lastKnownFileType = text.plist.strings; name = en; path = en.lproj/InfoPlist.strings; sourceTree = "<group>"; };
		D3AA1F5B160E574F00B51488 /* RizeduTests.h */ = {isa = PBXFileReference; lastKnownFileType = sourcecode.c.h; path = RizeduTests.h; sourceTree = "<group>"; };
		D3AA1F5C160E574F00B51488 /* RizeduTests.m */ = {isa = PBXFileReference; lastKnownFileType = sourcecode.c.objc; path = RizeduTests.m; sourceTree = "<group>"; };
		D3AA1F6A160E578900B51488 /* NSObject+Subscripts.h */ = {isa = PBXFileReference; fileEncoding = 4; lastKnownFileType = sourcecode.c.h; path = "NSObject+Subscripts.h"; sourceTree = "<group>"; };
		D3AA1F6B160E578900B51488 /* GHRevealViewController.h */ = {isa = PBXFileReference; fileEncoding = 4; lastKnownFileType = sourcecode.c.h; path = GHRevealViewController.h; sourceTree = "<group>"; };
		D3AA1F6C160E578900B51488 /* GHRevealViewController.m */ = {isa = PBXFileReference; fileEncoding = 4; lastKnownFileType = sourcecode.c.objc; path = GHRevealViewController.m; sourceTree = "<group>"; };
		D3AA1F6D160E578900B51488 /* GHSidebarSearchViewController.h */ = {isa = PBXFileReference; fileEncoding = 4; lastKnownFileType = sourcecode.c.h; path = GHSidebarSearchViewController.h; sourceTree = "<group>"; };
		D3AA1F6E160E578900B51488 /* GHSidebarSearchViewController.m */ = {isa = PBXFileReference; fileEncoding = 4; lastKnownFileType = sourcecode.c.objc; path = GHSidebarSearchViewController.m; sourceTree = "<group>"; };
		D3AA1F6F160E578900B51488 /* GHSidebarSearchViewControllerDelegate.h */ = {isa = PBXFileReference; fileEncoding = 4; lastKnownFileType = sourcecode.c.h; path = GHSidebarSearchViewControllerDelegate.h; sourceTree = "<group>"; };
		D3AA1F73160E57B600B51488 /* GHMenuCell.h */ = {isa = PBXFileReference; fileEncoding = 4; lastKnownFileType = sourcecode.c.h; path = GHMenuCell.h; sourceTree = "<group>"; };
		D3AA1F74160E57B600B51488 /* GHMenuCell.m */ = {isa = PBXFileReference; fileEncoding = 4; lastKnownFileType = sourcecode.c.objc; path = GHMenuCell.m; sourceTree = "<group>"; };
		D3AA1F75160E57B600B51488 /* GHMenuViewController.h */ = {isa = PBXFileReference; fileEncoding = 4; lastKnownFileType = sourcecode.c.h; path = GHMenuViewController.h; sourceTree = "<group>"; };
		D3AA1F76160E57B600B51488 /* GHMenuViewController.m */ = {isa = PBXFileReference; fileEncoding = 4; lastKnownFileType = sourcecode.c.objc; path = GHMenuViewController.m; sourceTree = "<group>"; };
		D3AA1F79160E597F00B51488 /* QuartzCore.framework */ = {isa = PBXFileReference; lastKnownFileType = wrapper.framework; name = QuartzCore.framework; path = System/Library/Frameworks/QuartzCore.framework; sourceTree = SDKROOT; };
		D3AEA6B9162E71A5002800B9 /* RZGlobalService.h */ = {isa = PBXFileReference; fileEncoding = 4; lastKnownFileType = sourcecode.c.h; path = RZGlobalService.h; sourceTree = "<group>"; };
		D3AEA6BA162E71A5002800B9 /* RZGlobalService.m */ = {isa = PBXFileReference; fileEncoding = 4; lastKnownFileType = sourcecode.c.objc; path = RZGlobalService.m; sourceTree = "<group>"; };
		D3AEA6C4162F1246002800B9 /* TestUsers.plist */ = {isa = PBXFileReference; fileEncoding = 4; lastKnownFileType = text.plist.xml; path = TestUsers.plist; sourceTree = "<group>"; };
		D3BCCA07161D31B200987648 /* AudioToolbox.framework */ = {isa = PBXFileReference; lastKnownFileType = wrapper.framework; name = AudioToolbox.framework; path = System/Library/Frameworks/AudioToolbox.framework; sourceTree = SDKROOT; };
		D3BCCA0A161D31B900987648 /* Accounts.framework */ = {isa = PBXFileReference; lastKnownFileType = wrapper.framework; name = Accounts.framework; path = System/Library/Frameworks/Accounts.framework; sourceTree = SDKROOT; };
		D3BCCA0C161D31C100987648 /* AdSupport.framework */ = {isa = PBXFileReference; lastKnownFileType = wrapper.framework; name = AdSupport.framework; path = System/Library/Frameworks/AdSupport.framework; sourceTree = SDKROOT; };
		D3BCCA0E161D31D300987648 /* libsqlite3.dylib */ = {isa = PBXFileReference; lastKnownFileType = "compiled.mach-o.dylib"; name = libsqlite3.dylib; path = usr/lib/libsqlite3.dylib; sourceTree = SDKROOT; };
		D3BCCA10161D31DC00987648 /* libz.1.1.3.dylib */ = {isa = PBXFileReference; lastKnownFileType = "compiled.mach-o.dylib"; name = libz.1.1.3.dylib; path = usr/lib/libz.1.1.3.dylib; sourceTree = SDKROOT; };
		D3BCCA12161D31EA00987648 /* MobileCoreServices.framework */ = {isa = PBXFileReference; lastKnownFileType = wrapper.framework; name = MobileCoreServices.framework; path = System/Library/Frameworks/MobileCoreServices.framework; sourceTree = SDKROOT; };
		D3BCCA14161D31F900987648 /* Social.framework */ = {isa = PBXFileReference; lastKnownFileType = wrapper.framework; name = Social.framework; path = System/Library/Frameworks/Social.framework; sourceTree = SDKROOT; };
		D3BCCA16161D320F00987648 /* StoreKit.framework */ = {isa = PBXFileReference; lastKnownFileType = wrapper.framework; name = StoreKit.framework; path = System/Library/Frameworks/StoreKit.framework; sourceTree = SDKROOT; };
		D3BCCA75161E9C7D00987648 /* icon@2x.png */ = {isa = PBXFileReference; lastKnownFileType = image.png; path = "icon@2x.png"; sourceTree = "<group>"; };
		D3BCCA7B1620866500987648 /* RZUserProfileViewController.h */ = {isa = PBXFileReference; fileEncoding = 4; lastKnownFileType = sourcecode.c.h; path = RZUserProfileViewController.h; sourceTree = "<group>"; };
		D3BCCA7C1620866500987648 /* RZUserProfileViewController.m */ = {isa = PBXFileReference; fileEncoding = 4; lastKnownFileType = sourcecode.c.objc; path = RZUserProfileViewController.m; sourceTree = "<group>"; };
		D3BCCA7D1620866500987648 /* RZUserProfileViewController.xib */ = {isa = PBXFileReference; fileEncoding = 4; lastKnownFileType = file.xib; path = RZUserProfileViewController.xib; sourceTree = "<group>"; };
		D3BCCA801621E2FA00987648 /* LoginViewController.h */ = {isa = PBXFileReference; fileEncoding = 4; lastKnownFileType = sourcecode.c.h; path = LoginViewController.h; sourceTree = "<group>"; };
		D3BCCA811621E2FA00987648 /* LoginViewController.m */ = {isa = PBXFileReference; fileEncoding = 4; lastKnownFileType = sourcecode.c.objc; path = LoginViewController.m; sourceTree = "<group>"; };
		D3BCCA821621E2FB00987648 /* LoginViewController.xib */ = {isa = PBXFileReference; fileEncoding = 4; lastKnownFileType = file.xib; path = LoginViewController.xib; sourceTree = "<group>"; };
		D3E3E67B16115E4B00E3DC78 /* RZEnrollCompleteViewController.h */ = {isa = PBXFileReference; fileEncoding = 4; lastKnownFileType = sourcecode.c.h; path = RZEnrollCompleteViewController.h; sourceTree = "<group>"; };
		D3E3E67C16115E4B00E3DC78 /* RZEnrollCompleteViewController.m */ = {isa = PBXFileReference; fileEncoding = 4; lastKnownFileType = sourcecode.c.objc; path = RZEnrollCompleteViewController.m; sourceTree = "<group>"; };
		D3E3E67D16115E4B00E3DC78 /* RZEnrollCompleteViewController.xib */ = {isa = PBXFileReference; fileEncoding = 4; lastKnownFileType = file.xib; path = RZEnrollCompleteViewController.xib; sourceTree = "<group>"; };
		D3EA2009161CDD610056259F /* Parse.framework */ = {isa = PBXFileReference; lastKnownFileType = wrapper.framework; path = Parse.framework; sourceTree = "<group>"; };
		D3F1F1BD160E63610016F6BD /* searchBarBG.png */ = {isa = PBXFileReference; lastKnownFileType = image.png; path = searchBarBG.png; sourceTree = "<group>"; };
		D3F1F1BE160E63610016F6BD /* searchBarIcon.png */ = {isa = PBXFileReference; lastKnownFileType = image.png; path = searchBarIcon.png; sourceTree = "<group>"; };
		D3F1F1BF160E63610016F6BD /* searchBarIcon@2x.png */ = {isa = PBXFileReference; lastKnownFileType = image.png; path = "searchBarIcon@2x.png"; sourceTree = "<group>"; };
		D3F1F1C0160E63610016F6BD /* searchTextBG.png */ = {isa = PBXFileReference; lastKnownFileType = image.png; path = searchTextBG.png; sourceTree = "<group>"; };
		D3F1F1C1160E63610016F6BD /* user.png */ = {isa = PBXFileReference; lastKnownFileType = image.png; path = user.png; sourceTree = "<group>"; };
		D3F1F1EC160E6B550016F6BD /* NSAlert+MKNetworkKitAdditions.m */ = {isa = PBXFileReference; fileEncoding = 4; lastKnownFileType = sourcecode.c.objc; path = "NSAlert+MKNetworkKitAdditions.m"; sourceTree = "<group>"; };
		D3F1F1ED160E6B550016F6BD /* NSData+Base64.h */ = {isa = PBXFileReference; fileEncoding = 4; lastKnownFileType = sourcecode.c.h; path = "NSData+Base64.h"; sourceTree = "<group>"; };
		D3F1F1EE160E6B550016F6BD /* NSData+Base64.m */ = {isa = PBXFileReference; fileEncoding = 4; lastKnownFileType = sourcecode.c.objc; path = "NSData+Base64.m"; sourceTree = "<group>"; };
		D3F1F1EF160E6B550016F6BD /* NSDate+RFC1123.h */ = {isa = PBXFileReference; fileEncoding = 4; lastKnownFileType = sourcecode.c.h; path = "NSDate+RFC1123.h"; sourceTree = "<group>"; };
		D3F1F1F0160E6B550016F6BD /* NSDate+RFC1123.m */ = {isa = PBXFileReference; fileEncoding = 4; lastKnownFileType = sourcecode.c.objc; path = "NSDate+RFC1123.m"; sourceTree = "<group>"; };
		D3F1F1F1160E6B550016F6BD /* NSDictionary+RequestEncoding.h */ = {isa = PBXFileReference; fileEncoding = 4; lastKnownFileType = sourcecode.c.h; path = "NSDictionary+RequestEncoding.h"; sourceTree = "<group>"; };
		D3F1F1F2160E6B550016F6BD /* NSDictionary+RequestEncoding.m */ = {isa = PBXFileReference; fileEncoding = 4; lastKnownFileType = sourcecode.c.objc; path = "NSDictionary+RequestEncoding.m"; sourceTree = "<group>"; };
		D3F1F1F3160E6B550016F6BD /* NSString+MKNetworkKitAdditions.h */ = {isa = PBXFileReference; fileEncoding = 4; lastKnownFileType = sourcecode.c.h; path = "NSString+MKNetworkKitAdditions.h"; sourceTree = "<group>"; };
		D3F1F1F4160E6B550016F6BD /* NSString+MKNetworkKitAdditions.m */ = {isa = PBXFileReference; fileEncoding = 4; lastKnownFileType = sourcecode.c.objc; path = "NSString+MKNetworkKitAdditions.m"; sourceTree = "<group>"; };
		D3F1F1F5160E6B550016F6BD /* UIAlertView+MKNetworkKitAdditions.h */ = {isa = PBXFileReference; fileEncoding = 4; lastKnownFileType = sourcecode.c.h; path = "UIAlertView+MKNetworkKitAdditions.h"; sourceTree = "<group>"; };
		D3F1F1F6160E6B550016F6BD /* UIAlertView+MKNetworkKitAdditions.m */ = {isa = PBXFileReference; fileEncoding = 4; lastKnownFileType = sourcecode.c.objc; path = "UIAlertView+MKNetworkKitAdditions.m"; sourceTree = "<group>"; };
		D3F1F1F7160E6B550016F6BD /* MKNetworkEngine.h */ = {isa = PBXFileReference; fileEncoding = 4; lastKnownFileType = sourcecode.c.h; path = MKNetworkEngine.h; sourceTree = "<group>"; };
		D3F1F1F8160E6B550016F6BD /* MKNetworkEngine.m */ = {isa = PBXFileReference; fileEncoding = 4; lastKnownFileType = sourcecode.c.objc; path = MKNetworkEngine.m; sourceTree = "<group>"; };
		D3F1F1F9160E6B550016F6BD /* MKNetworkKit.h */ = {isa = PBXFileReference; fileEncoding = 4; lastKnownFileType = sourcecode.c.h; path = MKNetworkKit.h; sourceTree = "<group>"; };
		D3F1F1FA160E6B550016F6BD /* MKNetworkOperation.h */ = {isa = PBXFileReference; fileEncoding = 4; lastKnownFileType = sourcecode.c.h; path = MKNetworkOperation.h; sourceTree = "<group>"; };
		D3F1F1FB160E6B550016F6BD /* MKNetworkOperation.m */ = {isa = PBXFileReference; fileEncoding = 4; lastKnownFileType = sourcecode.c.objc; path = MKNetworkOperation.m; sourceTree = "<group>"; };
		D3F1F1FD160E6B550016F6BD /* Reachability.h */ = {isa = PBXFileReference; fileEncoding = 4; lastKnownFileType = sourcecode.c.h; path = Reachability.h; sourceTree = "<group>"; };
		D3F1F1FE160E6B550016F6BD /* Reachability.m */ = {isa = PBXFileReference; fileEncoding = 4; lastKnownFileType = sourcecode.c.objc; path = Reachability.m; sourceTree = "<group>"; };
		D3F1F208160E6B700016F6BD /* CFNetwork.framework */ = {isa = PBXFileReference; lastKnownFileType = wrapper.framework; name = CFNetwork.framework; path = System/Library/Frameworks/CFNetwork.framework; sourceTree = SDKROOT; };
		D3F1F20A160E6B770016F6BD /* SystemConfiguration.framework */ = {isa = PBXFileReference; lastKnownFileType = wrapper.framework; name = SystemConfiguration.framework; path = System/Library/Frameworks/SystemConfiguration.framework; sourceTree = SDKROOT; };
		D3F1F20C160E6B7F0016F6BD /* Security.framework */ = {isa = PBXFileReference; lastKnownFileType = wrapper.framework; name = Security.framework; path = System/Library/Frameworks/Security.framework; sourceTree = SDKROOT; };
		D3F1F20E160E6CA50016F6BD /* CoreLocation.framework */ = {isa = PBXFileReference; lastKnownFileType = wrapper.framework; name = CoreLocation.framework; path = System/Library/Frameworks/CoreLocation.framework; sourceTree = SDKROOT; };
		D3F1F210160E6D0C0016F6BD /* RZLocationPickViewController.h */ = {isa = PBXFileReference; fileEncoding = 4; lastKnownFileType = sourcecode.c.h; path = RZLocationPickViewController.h; sourceTree = "<group>"; };
		D3F1F211160E6D0C0016F6BD /* RZLocationPickViewController.m */ = {isa = PBXFileReference; fileEncoding = 4; lastKnownFileType = sourcecode.c.objc; path = RZLocationPickViewController.m; sourceTree = "<group>"; };
		D3F1F212160E6D0C0016F6BD /* RZLocationPickViewController.xib */ = {isa = PBXFileReference; fileEncoding = 4; lastKnownFileType = file.xib; path = RZLocationPickViewController.xib; sourceTree = "<group>"; };
		D3F1F21A160E72E40016F6BD /* MapKit.framework */ = {isa = PBXFileReference; lastKnownFileType = wrapper.framework; name = MapKit.framework; path = System/Library/Frameworks/MapKit.framework; sourceTree = SDKROOT; };
		D3F1F258160ED0D00016F6BD /* FacebookSDK.framework */ = {isa = PBXFileReference; lastKnownFileType = wrapper.framework; path = FacebookSDK.framework; sourceTree = "<group>"; };
		D3F1F25A160ED10A0016F6BD /* FacebookSDKResources.bundle */ = {isa = PBXFileReference; lastKnownFileType = "wrapper.plug-in"; path = FacebookSDKResources.bundle; sourceTree = "<group>"; };
/* End PBXFileReference section */

/* Begin PBXFrameworksBuildPhase section */
		D3AA1F1E160E574E00B51488 /* Frameworks */ = {
			isa = PBXFrameworksBuildPhase;
			buildActionMask = 2147483647;
			files = (
				D390B7A61622980100FD4540 /* CoreData.framework in Frameworks */,
				D3BCCA17161D320F00987648 /* StoreKit.framework in Frameworks */,
				D3BCCA15161D31F900987648 /* Social.framework in Frameworks */,
				D3BCCA13161D31EA00987648 /* MobileCoreServices.framework in Frameworks */,
				D3BCCA11161D31DC00987648 /* libz.1.1.3.dylib in Frameworks */,
				D3BCCA0F161D31D300987648 /* libsqlite3.dylib in Frameworks */,
				D3BCCA0D161D31C100987648 /* AdSupport.framework in Frameworks */,
				D3BCCA0B161D31B900987648 /* Accounts.framework in Frameworks */,
				D3BCCA08161D31B200987648 /* AudioToolbox.framework in Frameworks */,
				D3F1F21B160E72E40016F6BD /* MapKit.framework in Frameworks */,
				D3F1F20F160E6CA50016F6BD /* CoreLocation.framework in Frameworks */,
				D3F1F20D160E6B7F0016F6BD /* Security.framework in Frameworks */,
				D3F1F20B160E6B770016F6BD /* SystemConfiguration.framework in Frameworks */,
				D3F1F209160E6B710016F6BD /* CFNetwork.framework in Frameworks */,
				D3AA1F7A160E597F00B51488 /* QuartzCore.framework in Frameworks */,
				D3AA1F26160E574E00B51488 /* UIKit.framework in Frameworks */,
				D3AA1F28160E574E00B51488 /* Foundation.framework in Frameworks */,
				D3AA1F2A160E574E00B51488 /* CoreGraphics.framework in Frameworks */,
				D3F1F259160ED0D00016F6BD /* FacebookSDK.framework in Frameworks */,
				D3EA200A161CDD610056259F /* Parse.framework in Frameworks */,
			);
			runOnlyForDeploymentPostprocessing = 0;
		};
		D3AA1F4A160E574E00B51488 /* Frameworks */ = {
			isa = PBXFrameworksBuildPhase;
			buildActionMask = 2147483647;
			files = (
				D3AA1F50160E574E00B51488 /* SenTestingKit.framework in Frameworks */,
				D3AA1F51160E574E00B51488 /* UIKit.framework in Frameworks */,
				D3AA1F52160E574E00B51488 /* Foundation.framework in Frameworks */,
			);
			runOnlyForDeploymentPostprocessing = 0;
		};
/* End PBXFrameworksBuildPhase section */

/* Begin PBXGroup section */
		C039499D1661B24000DACDDB /* UIAlertView-Blocks */ = {
			isa = PBXGroup;
			children = (
				C039499E1661B24100DACDDB /* README.md */,
				C039499F1661B24100DACDDB /* RIButtonItem.h */,
				C03949A01661B24100DACDDB /* RIButtonItem.m */,
				C03949A11661B24100DACDDB /* UIActionSheet+Blocks.h */,
				C03949A21661B24100DACDDB /* UIActionSheet+Blocks.m */,
				C03949A31661B24100DACDDB /* UIAlertView+Blocks.h */,
				C03949A41661B24100DACDDB /* UIAlertView+Blocks.m */,
			);
			path = "UIAlertView-Blocks";
			sourceTree = "<group>";
		};
		D3AA1F16160E574E00B51488 = {
			isa = PBXGroup;
			children = (
				D3F1F227160E78BB0016F6BD /* Utils */,
				D3F1F1BB160E634E0016F6BD /* Resources */,
				D3AA1F2B160E574E00B51488 /* Rizedu */,
				D3AA1F55160E574E00B51488 /* RizeduTests */,
				D3AA1F24160E574E00B51488 /* Frameworks */,
				D3AA1F22160E574E00B51488 /* Products */,
			);
			sourceTree = "<group>";
		};
		D3AA1F22160E574E00B51488 /* Products */ = {
			isa = PBXGroup;
			children = (
				D3AA1F21160E574E00B51488 /* Rizedu.app */,
				D3AA1F4E160E574E00B51488 /* RizeduTests.octest */,
			);
			name = Products;
			sourceTree = "<group>";
		};
		D3AA1F24160E574E00B51488 /* Frameworks */ = {
			isa = PBXGroup;
			children = (
				D3BCCA10161D31DC00987648 /* libz.1.1.3.dylib */,
				D3BCCA0E161D31D300987648 /* libsqlite3.dylib */,
				D390B7A51622980100FD4540 /* CoreData.framework */,
				D3F1F21A160E72E40016F6BD /* MapKit.framework */,
				D3BCCA16161D320F00987648 /* StoreKit.framework */,
				D3BCCA14161D31F900987648 /* Social.framework */,
				D3BCCA12161D31EA00987648 /* MobileCoreServices.framework */,
				D3BCCA0C161D31C100987648 /* AdSupport.framework */,
				D3BCCA0A161D31B900987648 /* Accounts.framework */,
				D3BCCA07161D31B200987648 /* AudioToolbox.framework */,
				D3EA2009161CDD610056259F /* Parse.framework */,
				D3F1F25A160ED10A0016F6BD /* FacebookSDKResources.bundle */,
				D3F1F258160ED0D00016F6BD /* FacebookSDK.framework */,
				D3F1F20E160E6CA50016F6BD /* CoreLocation.framework */,
				D3F1F20C160E6B7F0016F6BD /* Security.framework */,
				D3F1F20A160E6B770016F6BD /* SystemConfiguration.framework */,
				D3F1F208160E6B700016F6BD /* CFNetwork.framework */,
				D3AA1F79160E597F00B51488 /* QuartzCore.framework */,
				D3AA1F25160E574E00B51488 /* UIKit.framework */,
				D3AA1F27160E574E00B51488 /* Foundation.framework */,
				D3AA1F29160E574E00B51488 /* CoreGraphics.framework */,
				D3AA1F4F160E574E00B51488 /* SenTestingKit.framework */,
			);
			name = Frameworks;
			sourceTree = "<group>";
		};
		D3AA1F2B160E574E00B51488 /* Rizedu */ = {
			isa = PBXGroup;
			children = (
				D3295351162BB0CB0074D9EC /* FBConnect.bundle */,
				D390B74416227D5300FD4540 /* RZUser.h */,
				D390B74516227D5300FD4540 /* RZUser.m */,
				D3AA1F34160E574E00B51488 /* RZAppDelegate.h */,
				D3AA1F35160E574E00B51488 /* RZAppDelegate.m */,
				C03949871661AE3500DACDDB /* RZBaseViewController.h */,
				C03949881661AE3500DACDDB /* RZBaseViewController.m */,
				C03949851661AE3500DACDDB /* RZDetailViewController.h */,
				C03949861661AE3500DACDDB /* RZDetailViewController.m */,
				D3AEA6B9162E71A5002800B9 /* RZGlobalService.h */,
				D3AEA6BA162E71A5002800B9 /* RZGlobalService.m */,
				C03949891661AE3500DACDDB /* RZOthersViewController.h */,
				C039498A1661AE3500DACDDB /* RZOthersViewController.m */,
				C039498B1661AE3500DACDDB /* RZOthersViewController.xib */,
				D3BCCA801621E2FA00987648 /* LoginViewController.h */,
				D3BCCA811621E2FA00987648 /* LoginViewController.m */,
				D3BCCA821621E2FB00987648 /* LoginViewController.xib */,
				D3AA1F46160E574E00B51488 /* RZDetailViewController.xib */,
				D3E3E67B16115E4B00E3DC78 /* RZEnrollCompleteViewController.h */,
				D3E3E67C16115E4B00E3DC78 /* RZEnrollCompleteViewController.m */,
				D3E3E67D16115E4B00E3DC78 /* RZEnrollCompleteViewController.xib */,
				D3F1F210160E6D0C0016F6BD /* RZLocationPickViewController.h */,
				D3F1F211160E6D0C0016F6BD /* RZLocationPickViewController.m */,
				D3F1F212160E6D0C0016F6BD /* RZLocationPickViewController.xib */,
				D3BCCA7B1620866500987648 /* RZUserProfileViewController.h */,
				D3BCCA7C1620866500987648 /* RZUserProfileViewController.m */,
				D3BCCA7D1620866500987648 /* RZUserProfileViewController.xib */,
				D3AA1F2C160E574E00B51488 /* Supporting Files */,
			);
			path = Rizedu;
			sourceTree = "<group>";
		};
		D3AA1F2C160E574E00B51488 /* Supporting Files */ = {
			isa = PBXGroup;
			children = (
				D3AA1F2D160E574E00B51488 /* Rizedu-Info.plist */,
				D3AA1F2E160E574E00B51488 /* InfoPlist.strings */,
				D3AA1F31160E574E00B51488 /* main.m */,
				D3AA1F33160E574E00B51488 /* Rizedu-Prefix.pch */,
				D3AEA6C4162F1246002800B9 /* TestUsers.plist */,
			);
			name = "Supporting Files";
			sourceTree = "<group>";
		};
		D3AA1F55160E574E00B51488 /* RizeduTests */ = {
			isa = PBXGroup;
			children = (
				D3AA1F5B160E574F00B51488 /* RizeduTests.h */,
				D3AA1F5C160E574F00B51488 /* RizeduTests.m */,
				D3AA1F56160E574F00B51488 /* Supporting Files */,
			);
			path = RizeduTests;
			sourceTree = "<group>";
		};
		D3AA1F56160E574F00B51488 /* Supporting Files */ = {
			isa = PBXGroup;
			children = (
				D3AA1F57160E574F00B51488 /* RizeduTests-Info.plist */,
				D3AA1F58160E574F00B51488 /* InfoPlist.strings */,
			);
			name = "Supporting Files";
			sourceTree = "<group>";
		};
		D3AA1F72160E579200B51488 /* GHSidebarNav */ = {
			isa = PBXGroup;
			children = (
				D3AA1F73160E57B600B51488 /* GHMenuCell.h */,
				D3AA1F74160E57B600B51488 /* GHMenuCell.m */,
				D3AA1F75160E57B600B51488 /* GHMenuViewController.h */,
				D3AA1F76160E57B600B51488 /* GHMenuViewController.m */,
				D3AA1F6B160E578900B51488 /* GHRevealViewController.h */,
				D3AA1F6C160E578900B51488 /* GHRevealViewController.m */,
				D3AA1F6D160E578900B51488 /* GHSidebarSearchViewController.h */,
				D3AA1F6E160E578900B51488 /* GHSidebarSearchViewController.m */,
				D3AA1F6F160E578900B51488 /* GHSidebarSearchViewControllerDelegate.h */,
			);
			name = GHSidebarNav;
			sourceTree = "<group>";
		};
		D3F1F1BB160E634E0016F6BD /* Resources */ = {
			isa = PBXGroup;
			children = (
				D306E87B162D0B4400F394AF /* locateButton.png */,
				D306E87C162D0B4400F394AF /* locateButton@2x.png */,
				D306E87D162D0B4400F394AF /* location.png */,
				D306E87E162D0B4400F394AF /* location@2x.png */,
				D3BCCA75161E9C7D00987648 /* icon@2x.png */,
				D3655D51161E3ED300862024 /* lines@2x.png */,
				D3F1F1BD160E63610016F6BD /* searchBarBG.png */,
				D3F1F1BE160E63610016F6BD /* searchBarIcon.png */,
				D3F1F1BF160E63610016F6BD /* searchBarIcon@2x.png */,
				D3F1F1C0160E63610016F6BD /* searchTextBG.png */,
				D3F1F1C1160E63610016F6BD /* user.png */,
				D32952D9162B67690074D9EC /* co2.png */,
				D32952DA162B67690074D9EC /* co2saved.png */,
				D32952E8162B67E30074D9EC /* start@2x.png */,
				D32952DE162B67810074D9EC /* end@2x.png */,
				D32952DF162B67810074D9EC /* gas.png */,
				D32952EC162B6A3B0074D9EC /* routeicon.png */,
				D32952EA162B69F60074D9EC /* routeicon@2x.png */,
				D32952E2162B67BB0074D9EC /* menu@2x.png */,
				D32952E3162B67BB0074D9EC /* menubtn.png */,
				D32952E6162B67CA0074D9EC /* nav@2x.png */,
			);
			name = Resources;
			sourceTree = "<group>";
		};
		D3F1F1E9160E6B550016F6BD /* MKNetworkKit */ = {
			isa = PBXGroup;
			children = (
				D3F1F1EA160E6B550016F6BD /* Categories */,
				D3F1F1F7160E6B550016F6BD /* MKNetworkEngine.h */,
				D3F1F1F8160E6B550016F6BD /* MKNetworkEngine.m */,
				D3F1F1F9160E6B550016F6BD /* MKNetworkKit.h */,
				D3F1F1FA160E6B550016F6BD /* MKNetworkOperation.h */,
				D3F1F1FB160E6B550016F6BD /* MKNetworkOperation.m */,
				D3F1F1FC160E6B550016F6BD /* Reachability */,
			);
			path = MKNetworkKit;
			sourceTree = "<group>";
		};
		D3F1F1EA160E6B550016F6BD /* Categories */ = {
			isa = PBXGroup;
			children = (
				D3F1F1EC160E6B550016F6BD /* NSAlert+MKNetworkKitAdditions.m */,
				D3F1F1ED160E6B550016F6BD /* NSData+Base64.h */,
				D3F1F1EE160E6B550016F6BD /* NSData+Base64.m */,
				D3F1F1EF160E6B550016F6BD /* NSDate+RFC1123.h */,
				D3F1F1F0160E6B550016F6BD /* NSDate+RFC1123.m */,
				D3F1F1F1160E6B550016F6BD /* NSDictionary+RequestEncoding.h */,
				D3F1F1F2160E6B550016F6BD /* NSDictionary+RequestEncoding.m */,
				D3F1F1F3160E6B550016F6BD /* NSString+MKNetworkKitAdditions.h */,
				D3F1F1F4160E6B550016F6BD /* NSString+MKNetworkKitAdditions.m */,
				D3F1F1F5160E6B550016F6BD /* UIAlertView+MKNetworkKitAdditions.h */,
				D3F1F1F6160E6B550016F6BD /* UIAlertView+MKNetworkKitAdditions.m */,
			);
			path = Categories;
			sourceTree = "<group>";
		};
		D3F1F1FC160E6B550016F6BD /* Reachability */ = {
			isa = PBXGroup;
			children = (
				D3F1F1FD160E6B550016F6BD /* Reachability.h */,
				D3F1F1FE160E6B550016F6BD /* Reachability.m */,
			);
			path = Reachability;
			sourceTree = "<group>";
		};
		D3F1F227160E78BB0016F6BD /* Utils */ = {
			isa = PBXGroup;
			children = (
				D3AA1F72160E579200B51488 /* GHSidebarNav */,
				C039499D1661B24000DACDDB /* UIAlertView-Blocks */,
				D3F1F1E9160E6B550016F6BD /* MKNetworkKit */,
				C039498C1661AE3500DACDDB /* UIGlossyButton.m */,
				C039498D1661AE3500DACDDB /* UIGlossyButton.h */,
				D390B7641622937100FD4540 /* NSDictionary+JSONCategories.h */,
				D390B7651622937100FD4540 /* NSDictionary+JSONCategories.m */,
				D390B75316227F2500FD4540 /* Utils.h */,
				D390B75416227F2500FD4540 /* Utils.m */,
				D390B75516227F2500FD4540 /* Constants.h */,
				D390B75616227F2500FD4540 /* Constants.m */,
				D3AA1F6A160E578900B51488 /* NSObject+Subscripts.h */,
			);
			name = Utils;
			sourceTree = "<group>";
		};
/* End PBXGroup section */

/* Begin PBXNativeTarget section */
		D3AA1F20160E574E00B51488 /* Rizedu */ = {
			isa = PBXNativeTarget;
			buildConfigurationList = D3AA1F60160E574F00B51488 /* Build configuration list for PBXNativeTarget "Rizedu" */;
			buildPhases = (
				D3AA1F1D160E574E00B51488 /* Sources */,
				D3AA1F1E160E574E00B51488 /* Frameworks */,
				D3AA1F1F160E574E00B51488 /* Resources */,
			);
			buildRules = (
			);
			dependencies = (
			);
			name = Rizedu;
			productName = Rizedu;
			productReference = D3AA1F21160E574E00B51488 /* Rizedu.app */;
			productType = "com.apple.product-type.application";
		};
		D3AA1F4D160E574E00B51488 /* RizeduTests */ = {
			isa = PBXNativeTarget;
			buildConfigurationList = D3AA1F63160E574F00B51488 /* Build configuration list for PBXNativeTarget "RizeduTests" */;
			buildPhases = (
				D3AA1F49160E574E00B51488 /* Sources */,
				D3AA1F4A160E574E00B51488 /* Frameworks */,
				D3AA1F4B160E574E00B51488 /* Resources */,
				D3AA1F4C160E574E00B51488 /* ShellScript */,
			);
			buildRules = (
			);
			dependencies = (
				D3AA1F54160E574E00B51488 /* PBXTargetDependency */,
			);
			name = RizeduTests;
			productName = RizeduTests;
			productReference = D3AA1F4E160E574E00B51488 /* RizeduTests.octest */;
			productType = "com.apple.product-type.bundle";
		};
/* End PBXNativeTarget section */

/* Begin PBXProject section */
		D3AA1F18160E574E00B51488 /* Project object */ = {
			isa = PBXProject;
			attributes = {
				CLASSPREFIX = RZ;
				LastUpgradeCheck = 0450;
				ORGANIZATIONNAME = "Tao Xie";
			};
			buildConfigurationList = D3AA1F1B160E574E00B51488 /* Build configuration list for PBXProject "Rizedu" */;
			compatibilityVersion = "Xcode 3.2";
			developmentRegion = English;
			hasScannedForEncodings = 0;
			knownRegions = (
				en,
			);
			mainGroup = D3AA1F16160E574E00B51488;
			productRefGroup = D3AA1F22160E574E00B51488 /* Products */;
			projectDirPath = "";
			projectRoot = "";
			targets = (
				D3AA1F20160E574E00B51488 /* Rizedu */,
				D3AA1F4D160E574E00B51488 /* RizeduTests */,
			);
		};
/* End PBXProject section */

/* Begin PBXResourcesBuildPhase section */
		D3AA1F1F160E574E00B51488 /* Resources */ = {
			isa = PBXResourcesBuildPhase;
			buildActionMask = 2147483647;
			files = (
				D3AA1F30160E574E00B51488 /* InfoPlist.strings in Resources */,
				D3AA1F48160E574E00B51488 /* RZDetailViewController.xib in Resources */,
				D3F1F1C2160E63610016F6BD /* searchBarBG.png in Resources */,
				D3F1F1C3160E63610016F6BD /* searchBarIcon.png in Resources */,
				D3F1F1C4160E63610016F6BD /* searchBarIcon@2x.png in Resources */,
				D3F1F1C5160E63610016F6BD /* searchTextBG.png in Resources */,
				D3F1F1C6160E63610016F6BD /* user.png in Resources */,
				D3F1F214160E6D0C0016F6BD /* RZLocationPickViewController.xib in Resources */,
				D3F1F25B160ED10A0016F6BD /* FacebookSDKResources.bundle in Resources */,
				D3E3E67F16115E4B00E3DC78 /* RZEnrollCompleteViewController.xib in Resources */,
				D3655D52161E3ED300862024 /* lines@2x.png in Resources */,
				D3BCCA76161E9C7D00987648 /* icon@2x.png in Resources */,
				D3BCCA7F1620866500987648 /* RZUserProfileViewController.xib in Resources */,
				D3BCCA841621E2FC00987648 /* LoginViewController.xib in Resources */,
				D32952DB162B67690074D9EC /* co2.png in Resources */,
				D32952DC162B67690074D9EC /* co2saved.png in Resources */,
				D32952E0162B67810074D9EC /* end@2x.png in Resources */,
				D32952E1162B67810074D9EC /* gas.png in Resources */,
				D32952E4162B67BB0074D9EC /* menu@2x.png in Resources */,
				D32952E5162B67BB0074D9EC /* menubtn.png in Resources */,
				D32952E7162B67CA0074D9EC /* nav@2x.png in Resources */,
				D32952E9162B67E30074D9EC /* start@2x.png in Resources */,
				D32952EB162B69F60074D9EC /* routeicon@2x.png in Resources */,
				D32952ED162B6A3B0074D9EC /* routeicon.png in Resources */,
				D3295352162BB0CB0074D9EC /* FBConnect.bundle in Resources */,
				D306E87F162D0B4400F394AF /* locateButton.png in Resources */,
				D306E880162D0B4400F394AF /* locateButton@2x.png in Resources */,
				D306E881162D0B4400F394AF /* location.png in Resources */,
				D306E882162D0B4400F394AF /* location@2x.png in Resources */,
				D3AEA6C5162F1246002800B9 /* TestUsers.plist in Resources */,
				C03949911661AE3500DACDDB /* RZOthersViewController.xib in Resources */,
				C03949A51661B24100DACDDB /* README.md in Resources */,
			);
			runOnlyForDeploymentPostprocessing = 0;
		};
		D3AA1F4B160E574E00B51488 /* Resources */ = {
			isa = PBXResourcesBuildPhase;
			buildActionMask = 2147483647;
			files = (
				D3AA1F5A160E574F00B51488 /* InfoPlist.strings in Resources */,
			);
			runOnlyForDeploymentPostprocessing = 0;
		};
/* End PBXResourcesBuildPhase section */

/* Begin PBXShellScriptBuildPhase section */
		D3AA1F4C160E574E00B51488 /* ShellScript */ = {
			isa = PBXShellScriptBuildPhase;
			buildActionMask = 2147483647;
			files = (
			);
			inputPaths = (
			);
			outputPaths = (
			);
			runOnlyForDeploymentPostprocessing = 0;
			shellPath = /bin/sh;
			shellScript = "# Run the unit tests in this test bundle.\n\"${SYSTEM_DEVELOPER_DIR}/Tools/RunUnitTests\"\n";
		};
/* End PBXShellScriptBuildPhase section */

/* Begin PBXSourcesBuildPhase section */
		D3AA1F1D160E574E00B51488 /* Sources */ = {
			isa = PBXSourcesBuildPhase;
			buildActionMask = 2147483647;
			files = (
				D3AA1F32160E574E00B51488 /* main.m in Sources */,
				D3AA1F36160E574E00B51488 /* RZAppDelegate.m in Sources */,
				D3AA1F70160E578900B51488 /* GHRevealViewController.m in Sources */,
				D3AA1F71160E578900B51488 /* GHSidebarSearchViewController.m in Sources */,
				D3AA1F77160E57B600B51488 /* GHMenuCell.m in Sources */,
				D3AA1F78160E57B600B51488 /* GHMenuViewController.m in Sources */,
				D3F1F1FF160E6B550016F6BD /* NSAlert+MKNetworkKitAdditions.m in Sources */,
				D3F1F200160E6B550016F6BD /* NSData+Base64.m in Sources */,
				D3F1F201160E6B550016F6BD /* NSDate+RFC1123.m in Sources */,
				D3F1F202160E6B550016F6BD /* NSDictionary+RequestEncoding.m in Sources */,
				D3F1F203160E6B550016F6BD /* NSString+MKNetworkKitAdditions.m in Sources */,
				D3F1F204160E6B550016F6BD /* UIAlertView+MKNetworkKitAdditions.m in Sources */,
				D3F1F205160E6B550016F6BD /* MKNetworkEngine.m in Sources */,
				D3F1F206160E6B550016F6BD /* MKNetworkOperation.m in Sources */,
				D3F1F207160E6B550016F6BD /* Reachability.m in Sources */,
				D3F1F213160E6D0C0016F6BD /* RZLocationPickViewController.m in Sources */,
				D3E3E67E16115E4B00E3DC78 /* RZEnrollCompleteViewController.m in Sources */,
				D3BCCA7E1620866500987648 /* RZUserProfileViewController.m in Sources */,
				D3BCCA831621E2FC00987648 /* LoginViewController.m in Sources */,
				D390B74616227D5400FD4540 /* RZUser.m in Sources */,
				D390B75716227F2500FD4540 /* Utils.m in Sources */,
				D390B75816227F2500FD4540 /* Constants.m in Sources */,
				D390B7661622937100FD4540 /* NSDictionary+JSONCategories.m in Sources */,
				D3AEA6BB162E71A5002800B9 /* RZGlobalService.m in Sources */,
				C039498E1661AE3500DACDDB /* RZDetailViewController.m in Sources */,
				C039498F1661AE3500DACDDB /* RZBaseViewController.m in Sources */,
				C03949901661AE3500DACDDB /* RZOthersViewController.m in Sources */,
				C03949921661AE3500DACDDB /* UIGlossyButton.m in Sources */,
				C03949A61661B24100DACDDB /* RIButtonItem.m in Sources */,
				C03949A71661B24100DACDDB /* UIActionSheet+Blocks.m in Sources */,
				C03949A81661B24100DACDDB /* UIAlertView+Blocks.m in Sources */,
			);
			runOnlyForDeploymentPostprocessing = 0;
		};
		D3AA1F49160E574E00B51488 /* Sources */ = {
			isa = PBXSourcesBuildPhase;
			buildActionMask = 2147483647;
			files = (
				D3AA1F5D160E574F00B51488 /* RizeduTests.m in Sources */,
			);
			runOnlyForDeploymentPostprocessing = 0;
		};
/* End PBXSourcesBuildPhase section */

/* Begin PBXTargetDependency section */
		D3AA1F54160E574E00B51488 /* PBXTargetDependency */ = {
			isa = PBXTargetDependency;
			target = D3AA1F20160E574E00B51488 /* Rizedu */;
			targetProxy = D3AA1F53160E574E00B51488 /* PBXContainerItemProxy */;
		};
/* End PBXTargetDependency section */

/* Begin PBXVariantGroup section */
		D3AA1F2E160E574E00B51488 /* InfoPlist.strings */ = {
			isa = PBXVariantGroup;
			children = (
				D3AA1F2F160E574E00B51488 /* en */,
			);
			name = InfoPlist.strings;
			sourceTree = "<group>";
		};
		D3AA1F46160E574E00B51488 /* RZDetailViewController.xib */ = {
			isa = PBXVariantGroup;
			children = (
				D3AA1F47160E574E00B51488 /* en */,
			);
			name = RZDetailViewController.xib;
			sourceTree = "<group>";
		};
		D3AA1F58160E574F00B51488 /* InfoPlist.strings */ = {
			isa = PBXVariantGroup;
			children = (
				D3AA1F59160E574F00B51488 /* en */,
			);
			name = InfoPlist.strings;
			sourceTree = "<group>";
		};
/* End PBXVariantGroup section */

/* Begin XCBuildConfiguration section */
		D3AA1F5E160E574F00B51488 /* Debug */ = {
			isa = XCBuildConfiguration;
			buildSettings = {
				ALWAYS_SEARCH_USER_PATHS = NO;
				CLANG_CXX_LANGUAGE_STANDARD = "gnu++0x";
				CLANG_CXX_LIBRARY = "libc++";
				CLANG_ENABLE_OBJC_ARC = YES;
				CLANG_WARN_EMPTY_BODY = YES;
				CLANG_WARN__DUPLICATE_METHOD_MATCH = YES;
				CODE_SIGN_IDENTITY = "iPhone Developer: Mark Rose (93MXG7LWEC)";
				"CODE_SIGN_IDENTITY[sdk=iphoneos*]" = "iPhone Developer: Mark Rose (93MXG7LWEC)";
				COPY_PHASE_STRIP = NO;
				GCC_C_LANGUAGE_STANDARD = gnu99;
				GCC_DYNAMIC_NO_PIC = NO;
				GCC_OPTIMIZATION_LEVEL = 0;
				GCC_PREPROCESSOR_DEFINITIONS = (
					"DEBUG=1",
					"$(inherited)",
				);
				GCC_SYMBOLS_PRIVATE_EXTERN = NO;
				GCC_WARN_ABOUT_RETURN_TYPE = YES;
				GCC_WARN_UNINITIALIZED_AUTOS = YES;
				GCC_WARN_UNUSED_VARIABLE = YES;
				IPHONEOS_DEPLOYMENT_TARGET = 6.0;
				PROVISIONING_PROFILE = "B9EBECAE-1D4A-4C14-9069-90195E5F96C3";
				"PROVISIONING_PROFILE[sdk=iphoneos*]" = "B9EBECAE-1D4A-4C14-9069-90195E5F96C3";
				SDKROOT = iphoneos;
			};
			name = Debug;
		};
		D3AA1F5F160E574F00B51488 /* Release */ = {
			isa = XCBuildConfiguration;
			buildSettings = {
				ALWAYS_SEARCH_USER_PATHS = NO;
				CLANG_CXX_LANGUAGE_STANDARD = "gnu++0x";
				CLANG_CXX_LIBRARY = "libc++";
				CLANG_ENABLE_OBJC_ARC = YES;
				CLANG_WARN_EMPTY_BODY = YES;
				CLANG_WARN__DUPLICATE_METHOD_MATCH = YES;
				CODE_SIGN_IDENTITY = "iPhone Distribution: Mark Rose";
				"CODE_SIGN_IDENTITY[sdk=iphoneos*]" = "iPhone Distribution: Mark Rose";
				COPY_PHASE_STRIP = YES;
				GCC_C_LANGUAGE_STANDARD = gnu99;
				GCC_WARN_ABOUT_RETURN_TYPE = YES;
				GCC_WARN_UNINITIALIZED_AUTOS = YES;
				GCC_WARN_UNUSED_VARIABLE = YES;
				IPHONEOS_DEPLOYMENT_TARGET = 6.0;
				OTHER_CFLAGS = "-DNS_BLOCK_ASSERTIONS=1";
				PROVISIONING_PROFILE = "";
				"PROVISIONING_PROFILE[sdk=iphoneos*]" = "0A64E19D-A31E-4CD3-851E-2C440FC25EB5";
				SDKROOT = iphoneos;
				VALIDATE_PRODUCT = YES;
			};
			name = Release;
		};
		D3AA1F61160E574F00B51488 /* Debug */ = {
			isa = XCBuildConfiguration;
			buildSettings = {
				ARCHS = armv7;
				CODE_SIGN_IDENTITY = "iPhone Distribution: Mark Rose";
				"CODE_SIGN_IDENTITY[sdk=iphoneos*]" = "iPhone Developer: Mark Rose (93MXG7LWEC)";
				FRAMEWORK_SEARCH_PATHS = (
					"$(inherited)",
					"\"$(SRCROOT)/../../FacebookSDK\"",
					"\"$(SRCROOT)\"",
				);
				GCC_PRECOMPILE_PREFIX_HEADER = YES;
				GCC_PREFIX_HEADER = "Rizedu/Rizedu-Prefix.pch";
				INFOPLIST_FILE = "Rizedu/Rizedu-Info.plist";
				IPHONEOS_DEPLOYMENT_TARGET = 5.1;
				OTHER_LDFLAGS = "-lsqlite3.0";
				PRODUCT_NAME = "$(TARGET_NAME)";
				PROVISIONING_PROFILE = "C6ACBB3C-9681-4DB8-BFAE-5CB526FA6B71";
				"PROVISIONING_PROFILE[sdk=iphoneos*]" = "B30E8EC0-B531-4F99-9E0B-91417CA98146";
				WRAPPER_EXTENSION = app;
			};
			name = Debug;
		};
		D3AA1F62160E574F00B51488 /* Release */ = {
			isa = XCBuildConfiguration;
			buildSettings = {
				ARCHS = armv7;
				CODE_SIGN_IDENTITY = "iPhone Distribution: Mark Rose";
				"CODE_SIGN_IDENTITY[sdk=iphoneos*]" = "iPhone Developer: Mark Rose (93MXG7LWEC)";
				FRAMEWORK_SEARCH_PATHS = (
					"$(inherited)",
					"\"$(SRCROOT)/../../FacebookSDK\"",
					"\"$(SRCROOT)\"",
				);
				GCC_PRECOMPILE_PREFIX_HEADER = YES;
				GCC_PREFIX_HEADER = "Rizedu/Rizedu-Prefix.pch";
				INFOPLIST_FILE = "Rizedu/Rizedu-Info.plist";
				IPHONEOS_DEPLOYMENT_TARGET = 5.1;
				OTHER_LDFLAGS = "-lsqlite3.0";
				PRODUCT_NAME = "$(TARGET_NAME)";
				PROVISIONING_PROFILE = "C6ACBB3C-9681-4DB8-BFAE-5CB526FA6B71";
				"PROVISIONING_PROFILE[sdk=iphoneos*]" = "B9EBECAE-1D4A-4C14-9069-90195E5F96C3";
				WRAPPER_EXTENSION = app;
			};
			name = Release;
		};
		D3AA1F64160E574F00B51488 /* Debug */ = {
			isa = XCBuildConfiguration;
			buildSettings = {
				BUNDLE_LOADER = "$(BUILT_PRODUCTS_DIR)/Rizedu.app/Rizedu";
				FRAMEWORK_SEARCH_PATHS = (
					"\"$(SDKROOT)/Developer/Library/Frameworks\"",
					"\"$(DEVELOPER_LIBRARY_DIR)/Frameworks\"",
				);
				GCC_PRECOMPILE_PREFIX_HEADER = YES;
				GCC_PREFIX_HEADER = "Rizedu/Rizedu-Prefix.pch";
				INFOPLIST_FILE = "RizeduTests/RizeduTests-Info.plist";
				PRODUCT_NAME = "$(TARGET_NAME)";
				TEST_HOST = "$(BUNDLE_LOADER)";
				WRAPPER_EXTENSION = octest;
			};
			name = Debug;
		};
		D3AA1F65160E574F00B51488 /* Release */ = {
			isa = XCBuildConfiguration;
			buildSettings = {
				BUNDLE_LOADER = "$(BUILT_PRODUCTS_DIR)/Rizedu.app/Rizedu";
				FRAMEWORK_SEARCH_PATHS = (
					"\"$(SDKROOT)/Developer/Library/Frameworks\"",
					"\"$(DEVELOPER_LIBRARY_DIR)/Frameworks\"",
				);
				GCC_PRECOMPILE_PREFIX_HEADER = YES;
				GCC_PREFIX_HEADER = "Rizedu/Rizedu-Prefix.pch";
				INFOPLIST_FILE = "RizeduTests/RizeduTests-Info.plist";
				PRODUCT_NAME = "$(TARGET_NAME)";
				TEST_HOST = "$(BUNDLE_LOADER)";
				WRAPPER_EXTENSION = octest;
			};
			name = Release;
		};
/* End XCBuildConfiguration section */

/* Begin XCConfigurationList section */
		D3AA1F1B160E574E00B51488 /* Build configuration list for PBXProject "Rizedu" */ = {
			isa = XCConfigurationList;
			buildConfigurations = (
				D3AA1F5E160E574F00B51488 /* Debug */,
				D3AA1F5F160E574F00B51488 /* Release */,
			);
			defaultConfigurationIsVisible = 0;
			defaultConfigurationName = Release;
		};
		D3AA1F60160E574F00B51488 /* Build configuration list for PBXNativeTarget "Rizedu" */ = {
			isa = XCConfigurationList;
			buildConfigurations = (
				D3AA1F61160E574F00B51488 /* Debug */,
				D3AA1F62160E574F00B51488 /* Release */,
			);
			defaultConfigurationIsVisible = 0;
			defaultConfigurationName = Release;
		};
		D3AA1F63160E574F00B51488 /* Build configuration list for PBXNativeTarget "RizeduTests" */ = {
			isa = XCConfigurationList;
			buildConfigurations = (
				D3AA1F64160E574F00B51488 /* Debug */,
				D3AA1F65160E574F00B51488 /* Release */,
			);
			defaultConfigurationIsVisible = 0;
			defaultConfigurationName = Release;
		};
/* End XCConfigurationList section */
	};
	rootObject = D3AA1F18160E574E00B51488 /* Project object */;
}
